PODS:
  - ObjcExceptionBridging (1.0.1):
    - ObjcExceptionBridging/ObjcExceptionBridging (= 1.0.1)
  - ObjcExceptionBridging/ObjcExceptionBridging (1.0.1)
  - XCGLogger (6.0.4):
    - XCGLogger/Core (= 6.0.4)
  - XCGLogger/Core (6.0.4):
    - ObjcExceptionBridging
  - ZLSwipeableViewSwift (0.0.7)

DEPENDENCIES:
  - XCGLogger
  - ZLSwipeableViewSwift

SPEC REPOS:
  https://github.com/CocoaPods/Specs.git:
    - ObjcExceptionBridging
    - XCGLogger
    - ZLSwipeableViewSwift

SPEC CHECKSUMS:
  ObjcExceptionBridging: c30e00eb3700467e695faeea30e26e18bd445001
  XCGLogger: 4fc1bc0bdd5828cb8dc8da7a843536cda1bea8f3
  ZLSwipeableViewSwift: f5ee94c2e4220f900f5a129118af2aef23062900

PODFILE CHECKSUM: e58dbf23f3f980914ce1b3f7a535140fc73ff383

COCOAPODS: 1.5.0
