// !$*UTF8*$!
{
	archiveVersion = 1;
	classes = {
	};
	objectVersion = 46;
	objects = {

/* Begin PBXBuildFile section */
		2DA8CEB7DED0B092E8F53D34 /* Pods_TopTranslator.framework in Frameworks */ = {isa = PBXBuildFile; fileRef = E05F4C3771AACC07CB0A61CD /* Pods_TopTranslator.framework */; };
		832F54CC20D0A2B0002E7E3B /* book.txt in Resources */ = {isa = PBXBuildFile; fileRef = 832F54CB20D0A2B0002E7E3B /* book.txt */; };
		832F54CE20D0A339002E7E3B /* WordsManager.swift in Sources */ = {isa = PBXBuildFile; fileRef = 832F54CD20D0A339002E7E3B /* WordsManager.swift */; };
		8337E8F320DB27850093FC94 /* Word.swift in Sources */ = {isa = PBXBuildFile; fileRef = 8337E8F220DB27850093FC94 /* Word.swift */; };
		83C8445720DDC07C00CF7D55 /* full_peace1.txt in Resources */ = {isa = PBXBuildFile; fileRef = 83C8445620DDC07C00CF7D55 /* full_peace1.txt */; };
		83C8445920DDC3EF00CF7D55 /* WatchDog.swift in Sources */ = {isa = PBXBuildFile; fileRef = 83C8445820DDC3EF00CF7D55 /* WatchDog.swift */; };
		83C8447920DEA69D00CF7D55 /* full_peace2.txt in Resources */ = {isa = PBXBuildFile; fileRef = 83C8447820DEA69D00CF7D55 /* full_peace2.txt */; };
		83C8448220DEA6AD00CF7D55 /* karenina2.txt in Resources */ = {isa = PBXBuildFile; fileRef = 83C8447A20DEA6AB00CF7D55 /* karenina2.txt */; };
		83C8448320DEA6AD00CF7D55 /* karenina4.txt in Resources */ = {isa = PBXBuildFile; fileRef = 83C8447B20DEA6AB00CF7D55 /* karenina4.txt */; };
		83C8448420DEA6AD00CF7D55 /* war_peace4.txt in Resources */ = {isa = PBXBuildFile; fileRef = 83C8447C20DEA6AB00CF7D55 /* war_peace4.txt */; };
		83C8448520DEA6AD00CF7D55 /* karenina3.txt in Resources */ = {isa = PBXBuildFile; fileRef = 83C8447D20DEA6AB00CF7D55 /* karenina3.txt */; };
		83C8448620DEA6AD00CF7D55 /* war_peace1.txt in Resources */ = {isa = PBXBuildFile; fileRef = 83C8447E20DEA6AC00CF7D55 /* war_peace1.txt */; };
		83C8448720DEA6AD00CF7D55 /* karenina1.txt in Resources */ = {isa = PBXBuildFile; fileRef = 83C8447F20DEA6AC00CF7D55 /* karenina1.txt */; };
		83C8448820DEA6AD00CF7D55 /* war_peace2.txt in Resources */ = {isa = PBXBuildFile; fileRef = 83C8448020DEA6AC00CF7D55 /* war_peace2.txt */; };
		83C8448920DEA6AD00CF7D55 /* war_peace3.txt in Resources */ = {isa = PBXBuildFile; fileRef = 83C8448120DEA6AC00CF7D55 /* war_peace3.txt */; };
		83E5646D1FADFED3003E2C55 /* AppDelegate.swift in Sources */ = {isa = PBXBuildFile; fileRef = 83E5646C1FADFED3003E2C55 /* AppDelegate.swift */; };
		83E5646F1FADFED3003E2C55 /* FirstViewController.swift in Sources */ = {isa = PBXBuildFile; fileRef = 83E5646E1FADFED3003E2C55 /* FirstViewController.swift */; };
		83E564711FADFED3003E2C55 /* SecondViewController.swift in Sources */ = {isa = PBXBuildFile; fileRef = 83E564701FADFED3003E2C55 /* SecondViewController.swift */; };
		83E564741FADFED3003E2C55 /* Main.storyboard in Resources */ = {isa = PBXBuildFile; fileRef = 83E564721FADFED3003E2C55 /* Main.storyboard */; };
		83E564761FADFED3003E2C55 /* Assets.xcassets in Resources */ = {isa = PBXBuildFile; fileRef = 83E564751FADFED3003E2C55 /* Assets.xcassets */; };
		83E564791FADFED3003E2C55 /* LaunchScreen.storyboard in Resources */ = {isa = PBXBuildFile; fileRef = 83E564771FADFED3003E2C55 /* LaunchScreen.storyboard */; };
/* End PBXBuildFile section */

/* Begin PBXFileReference section */
		832F54CB20D0A2B0002E7E3B /* book.txt */ = {isa = PBXFileReference; fileEncoding = 4; lastKnownFileType = text; path = book.txt; sourceTree = "<group>"; };
		832F54CD20D0A339002E7E3B /* WordsManager.swift */ = {isa = PBXFileReference; lastKnownFileType = sourcecode.swift; path = WordsManager.swift; sourceTree = "<group>"; };
		8337E8F220DB27850093FC94 /* Word.swift */ = {isa = PBXFileReference; lastKnownFileType = sourcecode.swift; path = Word.swift; sourceTree = "<group>"; };
		83C8445620DDC07C00CF7D55 /* full_peace1.txt */ = {isa = PBXFileReference; fileEncoding = 4; lastKnownFileType = text; path = full_peace1.txt; sourceTree = "<group>"; };
		83C8445820DDC3EF00CF7D55 /* WatchDog.swift */ = {isa = PBXFileReference; lastKnownFileType = sourcecode.swift; path = WatchDog.swift; sourceTree = "<group>"; };
		83C8447820DEA69D00CF7D55 /* full_peace2.txt */ = {isa = PBXFileReference; fileEncoding = 4; lastKnownFileType = text; path = full_peace2.txt; sourceTree = "<group>"; };
		83C8447A20DEA6AB00CF7D55 /* karenina2.txt */ = {isa = PBXFileReference; fileEncoding = 4; lastKnownFileType = text; path = karenina2.txt; sourceTree = "<group>"; };
		83C8447B20DEA6AB00CF7D55 /* karenina4.txt */ = {isa = PBXFileReference; fileEncoding = 4; lastKnownFileType = text; path = karenina4.txt; sourceTree = "<group>"; };
		83C8447C20DEA6AB00CF7D55 /* war_peace4.txt */ = {isa = PBXFileReference; fileEncoding = 4; lastKnownFileType = text; path = war_peace4.txt; sourceTree = "<group>"; };
		83C8447D20DEA6AB00CF7D55 /* karenina3.txt */ = {isa = PBXFileReference; fileEncoding = 4; lastKnownFileType = text; path = karenina3.txt; sourceTree = "<group>"; };
		83C8447E20DEA6AC00CF7D55 /* war_peace1.txt */ = {isa = PBXFileReference; fileEncoding = 4; lastKnownFileType = text; path = war_peace1.txt; sourceTree = "<group>"; };
		83C8447F20DEA6AC00CF7D55 /* karenina1.txt */ = {isa = PBXFileReference; fileEncoding = 4; lastKnownFileType = text; path = karenina1.txt; sourceTree = "<group>"; };
		83C8448020DEA6AC00CF7D55 /* war_peace2.txt */ = {isa = PBXFileReference; fileEncoding = 4; lastKnownFileType = text; path = war_peace2.txt; sourceTree = "<group>"; };
		83C8448120DEA6AC00CF7D55 /* war_peace3.txt */ = {isa = PBXFileReference; fileEncoding = 4; lastKnownFileType = text; path = war_peace3.txt; sourceTree = "<group>"; };
		83E564691FADFED3003E2C55 /* TopTranslator.app */ = {isa = PBXFileReference; explicitFileType = wrapper.application; includeInIndex = 0; path = TopTranslator.app; sourceTree = BUILT_PRODUCTS_DIR; };
		83E5646C1FADFED3003E2C55 /* AppDelegate.swift */ = {isa = PBXFileReference; lastKnownFileType = sourcecode.swift; path = AppDelegate.swift; sourceTree = "<group>"; };
		83E5646E1FADFED3003E2C55 /* FirstViewController.swift */ = {isa = PBXFileReference; lastKnownFileType = sourcecode.swift; path = FirstViewController.swift; sourceTree = "<group>"; };
		83E564701FADFED3003E2C55 /* SecondViewController.swift */ = {isa = PBXFileReference; lastKnownFileType = sourcecode.swift; path = SecondViewController.swift; sourceTree = "<group>"; };
		83E564731FADFED3003E2C55 /* Base */ = {isa = PBXFileReference; lastKnownFileType = file.storyboard; name = Base; path = Base.lproj/Main.storyboard; sourceTree = "<group>"; };
		83E564751FADFED3003E2C55 /* Assets.xcassets */ = {isa = PBXFileReference; lastKnownFileType = folder.assetcatalog; path = Assets.xcassets; sourceTree = "<group>"; };
		83E564781FADFED3003E2C55 /* Base */ = {isa = PBXFileReference; lastKnownFileType = file.storyboard; name = Base; path = Base.lproj/LaunchScreen.storyboard; sourceTree = "<group>"; };
		83E5647A1FADFED3003E2C55 /* Info.plist */ = {isa = PBXFileReference; lastKnownFileType = text.plist.xml; path = Info.plist; sourceTree = "<group>"; };
		B7ABBAEB7D3D2F659C14055A /* Pods-TopTranslator.release.xcconfig */ = {isa = PBXFileReference; includeInIndex = 1; lastKnownFileType = text.xcconfig; name = "Pods-TopTranslator.release.xcconfig"; path = "Pods/Target Support Files/Pods-TopTranslator/Pods-TopTranslator.release.xcconfig"; sourceTree = "<group>"; };
		DFC034DE0B577D5FB8F8526A /* Pods-TopTranslator.debug.xcconfig */ = {isa = PBXFileReference; includeInIndex = 1; lastKnownFileType = text.xcconfig; name = "Pods-TopTranslator.debug.xcconfig"; path = "Pods/Target Support Files/Pods-TopTranslator/Pods-TopTranslator.debug.xcconfig"; sourceTree = "<group>"; };
		E05F4C3771AACC07CB0A61CD /* Pods_TopTranslator.framework */ = {isa = PBXFileReference; explicitFileType = wrapper.framework; includeInIndex = 0; path = Pods_TopTranslator.framework; sourceTree = BUILT_PRODUCTS_DIR; };
		FC6C8DFE9F6B69593D01CC0467862305 /* ObjcExceptionBridging.framework */ = {isa = PBXFileReference; explicitFileType = wrapper.framework; includeInIndex = 0; path = ObjcExceptionBridging.framework; sourceTree = BUILT_PRODUCTS_DIR; };
/* End PBXFileReference section */

/* Begin PBXFrameworksBuildPhase section */
		83E564661FADFED3003E2C55 /* Frameworks */ = {
			isa = PBXFrameworksBuildPhase;
			buildActionMask = 2147483647;
			files = (
				2DA8CEB7DED0B092E8F53D34 /* Pods_TopTranslator.framework in Frameworks */,
			);
			runOnlyForDeploymentPostprocessing = 0;
		};
/* End PBXFrameworksBuildPhase section */

/* Begin PBXGroup section */
		7228310A50DBD3F49D5A73A5 /* Pods */ = {
			isa = PBXGroup;
			children = (
				DFC034DE0B577D5FB8F8526A /* Pods-TopTranslator.debug.xcconfig */,
				B7ABBAEB7D3D2F659C14055A /* Pods-TopTranslator.release.xcconfig */,
			);
			name = Pods;
			sourceTree = "<group>";
		};
		832F54CA20D0A272002E7E3B /* Resources */ = {
			isa = PBXGroup;
			children = (
				832F54CB20D0A2B0002E7E3B /* book.txt */,
				83C8447820DEA69D00CF7D55 /* full_peace2.txt */,
				83C8445620DDC07C00CF7D55 /* full_peace1.txt */,
				83C8447F20DEA6AC00CF7D55 /* karenina1.txt */,
				83C8447A20DEA6AB00CF7D55 /* karenina2.txt */,
				83C8447D20DEA6AB00CF7D55 /* karenina3.txt */,
				83C8447B20DEA6AB00CF7D55 /* karenina4.txt */,
				83C8447E20DEA6AC00CF7D55 /* war_peace1.txt */,
				83C8448020DEA6AC00CF7D55 /* war_peace2.txt */,
				83C8448120DEA6AC00CF7D55 /* war_peace3.txt */,
				83C8447C20DEA6AB00CF7D55 /* war_peace4.txt */,
			);
			path = Resources;
			sourceTree = "<group>";
		};
		832F54CF20D0A344002E7E3B /* Model */ = {
			isa = PBXGroup;
			children = (
				8337E8F220DB27850093FC94 /* Word.swift */,
			);
			path = Model;
			sourceTree = "<group>";
		};
		832F54D020D0A34B002E7E3B /* Controllers */ = {
			isa = PBXGroup;
			children = (
				83E5646E1FADFED3003E2C55 /* FirstViewController.swift */,
				83E564701FADFED3003E2C55 /* SecondViewController.swift */,
				832F54CD20D0A339002E7E3B /* WordsManager.swift */,
			);
			path = Controllers;
			sourceTree = "<group>";
		};
		832F54D120D0A378002E7E3B /* Helpers */ = {
			isa = PBXGroup;
			children = (
				83C8445820DDC3EF00CF7D55 /* WatchDog.swift */,
				83E564751FADFED3003E2C55 /* Assets.xcassets */,
				83E564771FADFED3003E2C55 /* LaunchScreen.storyboard */,
				83E5647A1FADFED3003E2C55 /* Info.plist */,
			);
			path = Helpers;
			sourceTree = "<group>";
		};
		83C8446F20DDD07300CF7D55 /* Recovered References */ = {
			isa = PBXGroup;
			children = (
				FC6C8DFE9F6B69593D01CC0467862305 /* ObjcExceptionBridging.framework */,
			);
			name = "Recovered References";
			sourceTree = "<group>";
		};
		83E564601FADFED3003E2C55 = {
			isa = PBXGroup;
			children = (
				83E5646B1FADFED3003E2C55 /* TopTranslator */,
				83E5646A1FADFED3003E2C55 /* Products */,
				7228310A50DBD3F49D5A73A5 /* Pods */,
				C54D955962587AFD60BEB63D /* Frameworks */,
				83C8446F20DDD07300CF7D55 /* Recovered References */,
			);
			sourceTree = "<group>";
		};
		83E5646A1FADFED3003E2C55 /* Products */ = {
			isa = PBXGroup;
			children = (
				83E564691FADFED3003E2C55 /* TopTranslator.app */,
			);
			name = Products;
			sourceTree = "<group>";
		};
		83E5646B1FADFED3003E2C55 /* TopTranslator */ = {
			isa = PBXGroup;
			children = (
				83E5646C1FADFED3003E2C55 /* AppDelegate.swift */,
				83E564721FADFED3003E2C55 /* Main.storyboard */,
				832F54D020D0A34B002E7E3B /* Controllers */,
				832F54CF20D0A344002E7E3B /* Model */,
				832F54CA20D0A272002E7E3B /* Resources */,
				832F54D120D0A378002E7E3B /* Helpers */,
			);
			path = TopTranslator;
			sourceTree = "<group>";
		};
		C54D955962587AFD60BEB63D /* Frameworks */ = {
			isa = PBXGroup;
			children = (
				E05F4C3771AACC07CB0A61CD /* Pods_TopTranslator.framework */,
			);
			name = Frameworks;
			sourceTree = "<group>";
		};
/* End PBXGroup section */

/* Begin PBXNativeTarget section */
		83E564681FADFED3003E2C55 /* TopTranslator */ = {
			isa = PBXNativeTarget;
			buildConfigurationList = 83E5647D1FADFED3003E2C55 /* Build configuration list for PBXNativeTarget "TopTranslator" */;
			buildPhases = (
				ED4511F9146FD4B3B9D22676 /* [CP] Check Pods Manifest.lock */,
				83E564651FADFED3003E2C55 /* Sources */,
				83E564661FADFED3003E2C55 /* Frameworks */,
				83E564671FADFED3003E2C55 /* Resources */,
				1A1A548FAF09ADE1B4873C5B /* [CP] Embed Pods Frameworks */,
			);
			buildRules = (
			);
			dependencies = (
			);
			name = TopTranslator;
			productName = TopTranslator;
			productReference = 83E564691FADFED3003E2C55 /* TopTranslator.app */;
			productType = "com.apple.product-type.application";
		};
/* End PBXNativeTarget section */

/* Begin PBXProject section */
		83E564611FADFED3003E2C55 /* Project object */ = {
			isa = PBXProject;
			attributes = {
				LastSwiftUpdateCheck = 0830;
				LastUpgradeCheck = 0830;
				ORGANIZATIONNAME = Danil;
				TargetAttributes = {
					83E564681FADFED3003E2C55 = {
						CreatedOnToolsVersion = 8.3.3;
						ProvisioningStyle = Automatic;
					};
				};
			};
			buildConfigurationList = 83E564641FADFED3003E2C55 /* Build configuration list for PBXProject "TopTranslator" */;
			compatibilityVersion = "Xcode 3.2";
			developmentRegion = English;
			hasScannedForEncodings = 0;
			knownRegions = (
				en,
				Base,
			);
			mainGroup = 83E564601FADFED3003E2C55;
			productRefGroup = 83E5646A1FADFED3003E2C55 /* Products */;
			projectDirPath = "";
			projectRoot = "";
			targets = (
				83E564681FADFED3003E2C55 /* TopTranslator */,
			);
		};
/* End PBXProject section */

/* Begin PBXResourcesBuildPhase section */
		83E564671FADFED3003E2C55 /* Resources */ = {
			isa = PBXResourcesBuildPhase;
			buildActionMask = 2147483647;
			files = (
				83C8448920DEA6AD00CF7D55 /* war_peace3.txt in Resources */,
				83C8448320DEA6AD00CF7D55 /* karenina4.txt in Resources */,
				83E564791FADFED3003E2C55 /* LaunchScreen.storyboard in Resources */,
				83C8448820DEA6AD00CF7D55 /* war_peace2.txt in Resources */,
				83C8447920DEA69D00CF7D55 /* full_peace2.txt in Resources */,
				832F54CC20D0A2B0002E7E3B /* book.txt in Resources */,
				83C8445720DDC07C00CF7D55 /* full_peace1.txt in Resources */,
				83C8448720DEA6AD00CF7D55 /* karenina1.txt in Resources */,
				83E564761FADFED3003E2C55 /* Assets.xcassets in Resources */,
				83C8448620DEA6AD00CF7D55 /* war_peace1.txt in Resources */,
				83C8448420DEA6AD00CF7D55 /* war_peace4.txt in Resources */,
				83C8448520DEA6AD00CF7D55 /* karenina3.txt in Resources */,
				83E564741FADFED3003E2C55 /* Main.storyboard in Resources */,
				83C8448220DEA6AD00CF7D55 /* karenina2.txt in Resources */,
			);
			runOnlyForDeploymentPostprocessing = 0;
		};
/* End PBXResourcesBuildPhase section */

/* Begin PBXShellScriptBuildPhase section */
		1A1A548FAF09ADE1B4873C5B /* [CP] Embed Pods Frameworks */ = {
			isa = PBXShellScriptBuildPhase;
			buildActionMask = 2147483647;
			files = (
			);
			inputPaths = (
				"${SRCROOT}/Pods/Target Support Files/Pods-TopTranslator/Pods-TopTranslator-frameworks.sh",
				"${BUILT_PRODUCTS_DIR}/ObjcExceptionBridging/ObjcExceptionBridging.framework",
				"${BUILT_PRODUCTS_DIR}/XCGLogger/XCGLogger.framework",
				"${BUILT_PRODUCTS_DIR}/ZLSwipeableViewSwift/ZLSwipeableViewSwift.framework",
			);
			name = "[CP] Embed Pods Frameworks";
			outputPaths = (
				"${TARGET_BUILD_DIR}/${FRAMEWORKS_FOLDER_PATH}/ObjcExceptionBridging.framework",
				"${TARGET_BUILD_DIR}/${FRAMEWORKS_FOLDER_PATH}/XCGLogger.framework",
				"${TARGET_BUILD_DIR}/${FRAMEWORKS_FOLDER_PATH}/ZLSwipeableViewSwift.framework",
			);
			runOnlyForDeploymentPostprocessing = 0;
			shellPath = /bin/sh;
			shellScript = "\"${SRCROOT}/Pods/Target Support Files/Pods-TopTranslator/Pods-TopTranslator-frameworks.sh\"\n";
			showEnvVarsInLog = 0;
		};
		ED4511F9146FD4B3B9D22676 /* [CP] Check Pods Manifest.lock */ = {
			isa = PBXShellScriptBuildPhase;
			buildActionMask = 2147483647;
			files = (
			);
			inputPaths = (
				"${PODS_PODFILE_DIR_PATH}/Podfile.lock",
				"${PODS_ROOT}/Manifest.lock",
			);
			name = "[CP] Check Pods Manifest.lock";
			outputPaths = (
				"$(DERIVED_FILE_DIR)/Pods-TopTranslator-checkManifestLockResult.txt",
			);
			runOnlyForDeploymentPostprocessing = 0;
			shellPath = /bin/sh;
			shellScript = "diff \"${PODS_PODFILE_DIR_PATH}/Podfile.lock\" \"${PODS_ROOT}/Manifest.lock\" > /dev/null\nif [ $? != 0 ] ; then\n    # print error to STDERR\n    echo \"error: The sandbox is not in sync with the Podfile.lock. Run 'pod install' or update your CocoaPods installation.\" >&2\n    exit 1\nfi\n# This output is used by Xcode 'outputs' to avoid re-running this script phase.\necho \"SUCCESS\" > \"${SCRIPT_OUTPUT_FILE_0}\"\n";
			showEnvVarsInLog = 0;
		};
/* End PBXShellScriptBuildPhase section */

/* Begin PBXSourcesBuildPhase section */
		83E564651FADFED3003E2C55 /* Sources */ = {
			isa = PBXSourcesBuildPhase;
			buildActionMask = 2147483647;
			files = (
				83E564711FADFED3003E2C55 /* SecondViewController.swift in Sources */,
				83E5646D1FADFED3003E2C55 /* AppDelegate.swift in Sources */,
				8337E8F320DB27850093FC94 /* Word.swift in Sources */,
				83E5646F1FADFED3003E2C55 /* FirstViewController.swift in Sources */,
				83C8445920DDC3EF00CF7D55 /* WatchDog.swift in Sources */,
				832F54CE20D0A339002E7E3B /* WordsManager.swift in Sources */,
			);
			runOnlyForDeploymentPostprocessing = 0;
		};
/* End PBXSourcesBuildPhase section */

/* Begin PBXVariantGroup section */
		83E564721FADFED3003E2C55 /* Main.storyboard */ = {
			isa = PBXVariantGroup;
			children = (
				83E564731FADFED3003E2C55 /* Base */,
			);
			name = Main.storyboard;
			sourceTree = "<group>";
		};
		83E564771FADFED3003E2C55 /* LaunchScreen.storyboard */ = {
			isa = PBXVariantGroup;
			children = (
				83E564781FADFED3003E2C55 /* Base */,
			);
			name = LaunchScreen.storyboard;
			sourceTree = "<group>";
		};
/* End PBXVariantGroup section */

/* Begin XCBuildConfiguration section */
		83E5647B1FADFED3003E2C55 /* Debug */ = {
			isa = XCBuildConfiguration;
			buildSettings = {
				ALWAYS_SEARCH_USER_PATHS = NO;
				CLANG_ANALYZER_NONNULL = YES;
				CLANG_ANALYZER_NUMBER_OBJECT_CONVERSION = YES_AGGRESSIVE;
				CLANG_CXX_LANGUAGE_STANDARD = "gnu++0x";
				CLANG_CXX_LIBRARY = "libc++";
				CLANG_ENABLE_MODULES = YES;
				CLANG_ENABLE_OBJC_ARC = YES;
				CLANG_WARN_BOOL_CONVERSION = YES;
				CLANG_WARN_CONSTANT_CONVERSION = YES;
				CLANG_WARN_DIRECT_OBJC_ISA_USAGE = YES_ERROR;
				CLANG_WARN_DOCUMENTATION_COMMENTS = YES;
				CLANG_WARN_EMPTY_BODY = YES;
				CLANG_WARN_ENUM_CONVERSION = YES;
				CLANG_WARN_INFINITE_RECURSION = YES;
				CLANG_WARN_INT_CONVERSION = YES;
				CLANG_WARN_OBJC_ROOT_CLASS = YES_ERROR;
				CLANG_WARN_SUSPICIOUS_MOVE = YES;
				CLANG_WARN_UNREACHABLE_CODE = YES;
				CLANG_WARN__DUPLICATE_METHOD_MATCH = YES;
				"CODE_SIGN_IDENTITY[sdk=iphoneos*]" = "iPhone Developer";
				COPY_PHASE_STRIP = NO;
				DEBUG_INFORMATION_FORMAT = dwarf;
				ENABLE_STRICT_OBJC_MSGSEND = YES;
				ENABLE_TESTABILITY = YES;
				GCC_C_LANGUAGE_STANDARD = gnu99;
				GCC_DYNAMIC_NO_PIC = NO;
				GCC_NO_COMMON_BLOCKS = YES;
				GCC_OPTIMIZATION_LEVEL = 0;
				GCC_PREPROCESSOR_DEFINITIONS = (
					"DEBUG=1",
					"$(inherited)",
				);
				GCC_WARN_64_TO_32_BIT_CONVERSION = YES;
				GCC_WARN_ABOUT_RETURN_TYPE = YES_ERROR;
				GCC_WARN_UNDECLARED_SELECTOR = YES;
				GCC_WARN_UNINITIALIZED_AUTOS = YES_AGGRESSIVE;
				GCC_WARN_UNUSED_FUNCTION = YES;
				GCC_WARN_UNUSED_VARIABLE = YES;
				IPHONEOS_DEPLOYMENT_TARGET = 10.3;
				MTL_ENABLE_DEBUG_INFO = YES;
				ONLY_ACTIVE_ARCH = YES;
				SDKROOT = iphoneos;
				SWIFT_ACTIVE_COMPILATION_CONDITIONS = DEBUG;
				SWIFT_OPTIMIZATION_LEVEL = "-Onone";
			};
			name = Debug;
		};
		83E5647C1FADFED3003E2C55 /* Release */ = {
			isa = XCBuildConfiguration;
			buildSettings = {
				ALWAYS_SEARCH_USER_PATHS = NO;
				CLANG_ANALYZER_NONNULL = YES;
				CLANG_ANALYZER_NUMBER_OBJECT_CONVERSION = YES_AGGRESSIVE;
				CLANG_CXX_LANGUAGE_STANDARD = "gnu++0x";
				CLANG_CXX_LIBRARY = "libc++";
				CLANG_ENABLE_MODULES = YES;
				CLANG_ENABLE_OBJC_ARC = YES;
				CLANG_WARN_BOOL_CONVERSION = YES;
				CLANG_WARN_CONSTANT_CONVERSION = YES;
				CLANG_WARN_DIRECT_OBJC_ISA_USAGE = YES_ERROR;
				CLANG_WARN_DOCUMENTATION_COMMENTS = YES;
				CLANG_WARN_EMPTY_BODY = YES;
				CLANG_WARN_ENUM_CONVERSION = YES;
				CLANG_WARN_INFINITE_RECURSION = YES;
				CLANG_WARN_INT_CONVERSION = YES;
				CLANG_WARN_OBJC_ROOT_CLASS = YES_ERROR;
				CLANG_WARN_SUSPICIOUS_MOVE = YES;
				CLANG_WARN_UNREACHABLE_CODE = YES;
				CLANG_WARN__DUPLICATE_METHOD_MATCH = YES;
				"CODE_SIGN_IDENTITY[sdk=iphoneos*]" = "iPhone Developer";
				COPY_PHASE_STRIP = NO;
				DEBUG_INFORMATION_FORMAT = "dwarf-with-dsym";
				ENABLE_NS_ASSERTIONS = NO;
				ENABLE_STRICT_OBJC_MSGSEND = YES;
				GCC_C_LANGUAGE_STANDARD = gnu99;
				GCC_NO_COMMON_BLOCKS = YES;
				GCC_WARN_64_TO_32_BIT_CONVERSION = YES;
				GCC_WARN_ABOUT_RETURN_TYPE = YES_ERROR;
				GCC_WARN_UNDECLARED_SELECTOR = YES;
				GCC_WARN_UNINITIALIZED_AUTOS = YES_AGGRESSIVE;
				GCC_WARN_UNUSED_FUNCTION = YES;
				GCC_WARN_UNUSED_VARIABLE = YES;
				IPHONEOS_DEPLOYMENT_TARGET = 10.3;
				MTL_ENABLE_DEBUG_INFO = NO;
				SDKROOT = iphoneos;
				SWIFT_OPTIMIZATION_LEVEL = "-Owholemodule";
				VALIDATE_PRODUCT = YES;
			};
			name = Release;
		};
		83E5647E1FADFED3003E2C55 /* Debug */ = {
			isa = XCBuildConfiguration;
			baseConfigurationReference = DFC034DE0B577D5FB8F8526A /* Pods-TopTranslator.debug.xcconfig */;
			buildSettings = {
				ASSETCATALOG_COMPILER_APPICON_NAME = AppIcon;
				INFOPLIST_FILE = "$(SRCROOT)/TopTranslator/Helpers/Info.plist";
				LD_RUNPATH_SEARCH_PATHS = "$(inherited) @executable_path/Frameworks";
				PRODUCT_BUNDLE_IDENTIFIER = test.TopTranslator;
				PRODUCT_NAME = "$(TARGET_NAME)";
				SWIFT_VERSION = 3.0;
			};
			name = Debug;
		};
		83E5647F1FADFED3003E2C55 /* Release */ = {
			isa = XCBuildConfiguration;
			baseConfigurationReference = B7ABBAEB7D3D2F659C14055A /* Pods-TopTranslator.release.xcconfig */;
			buildSettings = {
				ASSETCATALOG_COMPILER_APPICON_NAME = AppIcon;
				INFOPLIST_FILE = "$(SRCROOT)/TopTranslator/Helpers/Info.plist";
				LD_RUNPATH_SEARCH_PATHS = "$(inherited) @executable_path/Frameworks";
				PRODUCT_BUNDLE_IDENTIFIER = test.TopTranslator;
				PRODUCT_NAME = "$(TARGET_NAME)";
				SWIFT_VERSION = 3.0;
			};
			name = Release;
		};
/* End XCBuildConfiguration section */

/* Begin XCConfigurationList section */
		83E564641FADFED3003E2C55 /* Build configuration list for PBXProject "TopTranslator" */ = {
			isa = XCConfigurationList;
			buildConfigurations = (
				83E5647B1FADFED3003E2C55 /* Debug */,
				83E5647C1FADFED3003E2C55 /* Release */,
			);
			defaultConfigurationIsVisible = 0;
			defaultConfigurationName = Release;
		};
		83E5647D1FADFED3003E2C55 /* Build configuration list for PBXNativeTarget "TopTranslator" */ = {
			isa = XCConfigurationList;
			buildConfigurations = (
				83E5647E1FADFED3003E2C55 /* Debug */,
				83E5647F1FADFED3003E2C55 /* Release */,
			);
			defaultConfigurationIsVisible = 0;
			defaultConfigurationName = Release;
		};
/* End XCConfigurationList section */
	};
	rootObject = 83E564611FADFED3003E2C55 /* Project object */;
}
